
Microsoft Visual Studio Solution File, Format Version 12.00
# Visual Studio 14
VisualStudioVersion = 14.0.23107.0
MinimumVisualStudioVersion = 10.0.40219.1
Project("{FAE04EC0-301F-11D3-BF4B-00C04F79EFBC}") = "Geometry", "ClassLibrary1\Geometry.csproj", "{A75A71B1-FB9D-4603-BD5B-EFEFE8F31441}"
EndProject
Project("{FAE04EC0-301F-11D3-BF4B-00C04F79EFBC}") = "GeometryTests", "GeometryTests\GeometryTests.csproj", "{C25D9EF5-0535-40D5-935F-4772AA37DE81}"
EndProject
Project("{FAE04EC0-301F-11D3-BF4B-00C04F79EFBC}") = "Paint", "Paint\Paint.csproj", "{A4C6EF48-7107-4971-9C5B-D246AD61C412}"
EndProject
Global
	GlobalSection(SolutionConfigurationPlatforms) = preSolution
		Debug|Any CPU = Debug|Any CPU
		Release|Any CPU = Release|Any CPU
	EndGlobalSection
	GlobalSection(ProjectConfigurationPlatforms) = postSolution
		{A75A71B1-FB9D-4603-BD5B-EFEFE8F31441}.Debug|Any CPU.ActiveCfg = Debug|Any CPU
		{A75A71B1-FB9D-4603-BD5B-EFEFE8F31441}.Debug|Any CPU.Build.0 = Debug|Any CPU
		{A75A71B1-FB9D-4603-BD5B-EFEFE8F31441}.Release|Any CPU.ActiveCfg = Release|Any CPU
		{A75A71B1-FB9D-4603-BD5B-EFEFE8F31441}.Release|Any CPU.Build.0 = Release|Any CPU
		{C25D9EF5-0535-40D5-935F-4772AA37DE81}.Debug|Any CPU.ActiveCfg = Debug|Any CPU
		{C25D9EF5-0535-40D5-935F-4772AA37DE81}.Debug|Any CPU.Build.0 = Debug|Any CPU
		{C25D9EF5-0535-40D5-935F-4772AA37DE81}.Release|Any CPU.ActiveCfg = Release|Any CPU
		{C25D9EF5-0535-40D5-935F-4772AA37DE81}.Release|Any CPU.Build.0 = Release|Any CPU
		{A4C6EF48-7107-4971-9C5B-D246AD61C412}.Debug|Any CPU.ActiveCfg = Debug|Any CPU
		{A4C6EF48-7107-4971-9C5B-D246AD61C412}.Debug|Any CPU.Build.0 = Debug|Any CPU
		{A4C6EF48-7107-4971-9C5B-D246AD61C412}.Release|Any CPU.ActiveCfg = Release|Any CPU
		{A4C6EF48-7107-4971-9C5B-D246AD61C412}.Release|Any CPU.Build.0 = Release|Any CPU
	EndGlobalSection
	GlobalSection(SolutionProperties) = preSolution
		HideSolutionNode = FALSE
	EndGlobalSection
EndGlobal
